
Microsoft Visual Studio Solution File, Format Version 12.00
# Visual Studio Version 16
VisualStudioVersion = 16.0.29025.244
MinimumVisualStudioVersion = 10.0.40219.1
Project("{9A19103F-16F7-4668-BE54-9A1E7A4F7556}") = "FunctionApp", "FunctionApp.csproj", "{390B93C0-E06E-4250-A575-929F52F3BC3E}"
EndProject
Global
	GlobalSection(SolutionConfigurationPlatforms) = preSolution
		Debug|Any CPU = Debug|Any CPU
		Release|Any CPU = Release|Any CPU
	EndGlobalSection
	GlobalSection(ProjectConfigurationPlatforms) = postSolution
		{390B93C0-E06E-4250-A575-929F52F3BC3E}.Debug|Any CPU.ActiveCfg = Debug|Any CPU
		{390B93C0-E06E-4250-A575-929F52F3BC3E}.Debug|Any CPU.Build.0 = Debug|Any CPU
		{390B93C0-E06E-4250-A575-929F52F3BC3E}.Release|Any CPU.ActiveCfg = Release|Any CPU
		{390B93C0-E06E-4250-A575-929F52F3BC3E}.Release|Any CPU.Build.0 = Release|Any CPU
	EndGlobalSection
	GlobalSection(SolutionProperties) = preSolution
		HideSolutionNode = FALSE
	EndGlobalSection
	GlobalSection(ExtensibilityGlobals) = postSolution
		SolutionGuid = {A5CEB341-EFF8-47A6-B79C-ADA9788CA085}
	EndGlobalSection
EndGlobal
